
Microsoft Visual Studio Solution File, Format Version 12.00
# Visual Studio 2012
Project("{FAE04EC0-301F-11D3-BF4B-00C04F79EFBC}") = "WMIMonitor_4.5", "Source 4.5\WMIMonitor_4.5.csproj", "{C7335090-EAB1-40B0-A0CF-02ECA5F2A149}"
EndProject
Project("{FAE04EC0-301F-11D3-BF4B-00C04F79EFBC}") = "WMIMonitor_4.0", "Source 4.0\WMIMonitor_4.0.csproj", "{D19F8CED-4865-4DC3-8CC6-1FCC236C24A7}"
EndProject
Global
	GlobalSection(SolutionConfigurationPlatforms) = preSolution
		Debug|Any CPU = Debug|Any CPU
		Release|Any CPU = Release|Any CPU
	EndGlobalSection
	GlobalSection(ProjectConfigurationPlatforms) = postSolution
		{C7335090-EAB1-40B0-A0CF-02ECA5F2A149}.Debug|Any CPU.ActiveCfg = Debug|Any CPU
		{C7335090-EAB1-40B0-A0CF-02ECA5F2A149}.Debug|Any CPU.Build.0 = Debug|Any CPU
		{C7335090-EAB1-40B0-A0CF-02ECA5F2A149}.Release|Any CPU.ActiveCfg = Release|Any CPU
		{C7335090-EAB1-40B0-A0CF-02ECA5F2A149}.Release|Any CPU.Build.0 = Release|Any CPU
		{D19F8CED-4865-4DC3-8CC6-1FCC236C24A7}.Debug|Any CPU.ActiveCfg = Debug|Any CPU
		{D19F8CED-4865-4DC3-8CC6-1FCC236C24A7}.Debug|Any CPU.Build.0 = Debug|Any CPU
		{D19F8CED-4865-4DC3-8CC6-1FCC236C24A7}.Release|Any CPU.ActiveCfg = Release|Any CPU
		{D19F8CED-4865-4DC3-8CC6-1FCC236C24A7}.Release|Any CPU.Build.0 = Release|Any CPU
	EndGlobalSection
	GlobalSection(SolutionProperties) = preSolution
		HideSolutionNode = FALSE
	EndGlobalSection
EndGlobal
